// !$*UTF8*$!
{
	archiveVersion = 1;
	classes = {
	};
	objectVersion = 50;
	objects = {

/* Begin PBXBuildFile section */
		030B14DC24BBB43D0046E3E9 /* AppDelegate.swift in Sources */ = {isa = PBXBuildFile; fileRef = 030B14DB24BBB43D0046E3E9 /* AppDelegate.swift */; };
		030B14DE24BBB43D0046E3E9 /* SceneDelegate.swift in Sources */ = {isa = PBXBuildFile; fileRef = 030B14DD24BBB43D0046E3E9 /* SceneDelegate.swift */; };
		030B14E324BBB43D0046E3E9 /* Main.storyboard in Resources */ = {isa = PBXBuildFile; fileRef = 030B14E124BBB43D0046E3E9 /* Main.storyboard */; };
		030B14E524BBB43E0046E3E9 /* Assets.xcassets in Resources */ = {isa = PBXBuildFile; fileRef = 030B14E424BBB43E0046E3E9 /* Assets.xcassets */; };
		030B14E824BBB43E0046E3E9 /* LaunchScreen.storyboard in Resources */ = {isa = PBXBuildFile; fileRef = 030B14E624BBB43E0046E3E9 /* LaunchScreen.storyboard */; };
		03799BF024C0F2B600B3AD3E /* HomeViewController.swift in Sources */ = {isa = PBXBuildFile; fileRef = 03799BEF24C0F2B600B3AD3E /* HomeViewController.swift */; };
		03799BF224C0F41600B3AD3E /* listTableView.swift in Sources */ = {isa = PBXBuildFile; fileRef = 03799BF124C0F41600B3AD3E /* listTableView.swift */; };
		03799BF424C0F6BA00B3AD3E /* DetailsVC.swift in Sources */ = {isa = PBXBuildFile; fileRef = 03799BF324C0F6BA00B3AD3E /* DetailsVC.swift */; };
		039BB50E24BE2C9C0071D713 /* buttonStruct.swift in Sources */ = {isa = PBXBuildFile; fileRef = 039BB50D24BE2C9C0071D713 /* buttonStruct.swift */; };
/* End PBXBuildFile section */

/* Begin PBXFileReference section */
		030B14D824BBB43D0046E3E9 /* Accessisble Kuwait.app */ = {isa = PBXFileReference; explicitFileType = wrapper.application; includeInIndex = 0; path = "Accessisble Kuwait.app"; sourceTree = BUILT_PRODUCTS_DIR; };
		030B14DB24BBB43D0046E3E9 /* AppDelegate.swift */ = {isa = PBXFileReference; lastKnownFileType = sourcecode.swift; path = AppDelegate.swift; sourceTree = "<group>"; };
		030B14DD24BBB43D0046E3E9 /* SceneDelegate.swift */ = {isa = PBXFileReference; lastKnownFileType = sourcecode.swift; path = SceneDelegate.swift; sourceTree = "<group>"; };
		030B14E224BBB43D0046E3E9 /* Base */ = {isa = PBXFileReference; lastKnownFileType = file.storyboard; name = Base; path = Base.lproj/Main.storyboard; sourceTree = "<group>"; };
		030B14E424BBB43E0046E3E9 /* Assets.xcassets */ = {isa = PBXFileReference; lastKnownFileType = folder.assetcatalog; path = Assets.xcassets; sourceTree = "<group>"; };
		030B14E724BBB43E0046E3E9 /* Base */ = {isa = PBXFileReference; lastKnownFileType = file.storyboard; name = Base; path = Base.lproj/LaunchScreen.storyboard; sourceTree = "<group>"; };
		030B14E924BBB43E0046E3E9 /* Info.plist */ = {isa = PBXFileReference; lastKnownFileType = text.plist.xml; path = Info.plist; sourceTree = "<group>"; };
		03799BEF24C0F2B600B3AD3E /* HomeViewController.swift */ = {isa = PBXFileReference; lastKnownFileType = sourcecode.swift; path = HomeViewController.swift; sourceTree = "<group>"; };
		03799BF124C0F41600B3AD3E /* listTableView.swift */ = {isa = PBXFileReference; lastKnownFileType = sourcecode.swift; path = listTableView.swift; sourceTree = "<group>"; };
		03799BF324C0F6BA00B3AD3E /* DetailsVC.swift */ = {isa = PBXFileReference; lastKnownFileType = sourcecode.swift; path = DetailsVC.swift; sourceTree = "<group>"; };
		039BB50D24BE2C9C0071D713 /* buttonStruct.swift */ = {isa = PBXFileReference; lastKnownFileType = sourcecode.swift; path = buttonStruct.swift; sourceTree = "<group>"; };
/* End PBXFileReference section */

/* Begin PBXFrameworksBuildPhase section */
		030B14D524BBB43D0046E3E9 /* Frameworks */ = {
			isa = PBXFrameworksBuildPhase;
			buildActionMask = 2147483647;
			files = (
			);
			runOnlyForDeploymentPostprocessing = 0;
		};
/* End PBXFrameworksBuildPhase section */

/* Begin PBXGroup section */
		030B14CF24BBB43D0046E3E9 = {
			isa = PBXGroup;
			children = (
				030B14DA24BBB43D0046E3E9 /* Accessisble Kuwait */,
				030B14D924BBB43D0046E3E9 /* Products */,
			);
			sourceTree = "<group>";
		};
		030B14D924BBB43D0046E3E9 /* Products */ = {
			isa = PBXGroup;
			children = (
				030B14D824BBB43D0046E3E9 /* Accessisble Kuwait.app */,
			);
			name = Products;
			sourceTree = "<group>";
		};
		030B14DA24BBB43D0046E3E9 /* Accessisble Kuwait */ = {
			isa = PBXGroup;
			children = (
				03799BF124C0F41600B3AD3E /* listTableView.swift */,
				030B14DB24BBB43D0046E3E9 /* AppDelegate.swift */,
				030B14DD24BBB43D0046E3E9 /* SceneDelegate.swift */,
				03799BF324C0F6BA00B3AD3E /* DetailsVC.swift */,
				03799BEF24C0F2B600B3AD3E /* HomeViewController.swift */,
				039BB50D24BE2C9C0071D713 /* buttonStruct.swift */,
				030B14E124BBB43D0046E3E9 /* Main.storyboard */,
				030B14E424BBB43E0046E3E9 /* Assets.xcassets */,
				030B14E624BBB43E0046E3E9 /* LaunchScreen.storyboard */,
				030B14E924BBB43E0046E3E9 /* Info.plist */,
			);
			path = "Accessisble Kuwait";
			sourceTree = "<group>";
		};
/* End PBXGroup section */

/* Begin PBXNativeTarget section */
		030B14D724BBB43D0046E3E9 /* Accessisble Kuwait */ = {
			isa = PBXNativeTarget;
			buildConfigurationList = 030B14EC24BBB43E0046E3E9 /* Build configuration list for PBXNativeTarget "Accessisble Kuwait" */;
			buildPhases = (
				030B14D424BBB43D0046E3E9 /* Sources */,
				030B14D524BBB43D0046E3E9 /* Frameworks */,
				030B14D624BBB43D0046E3E9 /* Resources */,
			);
			buildRules = (
			);
			dependencies = (
			);
			name = "Accessisble Kuwait";
			productName = "Accessisble Kuwait";
			productReference = 030B14D824BBB43D0046E3E9 /* Accessisble Kuwait.app */;
			productType = "com.apple.product-type.application";
		};
/* End PBXNativeTarget section */

/* Begin PBXProject section */
		030B14D024BBB43D0046E3E9 /* Project object */ = {
			isa = PBXProject;
			attributes = {
				LastSwiftUpdateCheck = 1150;
				LastUpgradeCheck = 1150;
				ORGANIZATIONNAME = jannacoded;
				TargetAttributes = {
					030B14D724BBB43D0046E3E9 = {
						CreatedOnToolsVersion = 11.5;
					};
				};
			};
			buildConfigurationList = 030B14D324BBB43D0046E3E9 /* Build configuration list for PBXProject "Accessisble Kuwait" */;
			compatibilityVersion = "Xcode 9.3";
			developmentRegion = en;
			hasScannedForEncodings = 0;
			knownRegions = (
				en,
				Base,
			);
			mainGroup = 030B14CF24BBB43D0046E3E9;
			productRefGroup = 030B14D924BBB43D0046E3E9 /* Products */;
			projectDirPath = "";
			projectRoot = "";
			targets = (
				030B14D724BBB43D0046E3E9 /* Accessisble Kuwait */,
			);
		};
/* End PBXProject section */

/* Begin PBXResourcesBuildPhase section */
		030B14D624BBB43D0046E3E9 /* Resources */ = {
			isa = PBXResourcesBuildPhase;
			buildActionMask = 2147483647;
			files = (
				030B14E824BBB43E0046E3E9 /* LaunchScreen.storyboard in Resources */,
				030B14E524BBB43E0046E3E9 /* Assets.xcassets in Resources */,
				030B14E324BBB43D0046E3E9 /* Main.storyboard in Resources */,
			);
			runOnlyForDeploymentPostprocessing = 0;
		};
/* End PBXResourcesBuildPhase section */

/* Begin PBXSourcesBuildPhase section */
		030B14D424BBB43D0046E3E9 /* Sources */ = {
			isa = PBXSourcesBuildPhase;
			buildActionMask = 2147483647;
			files = (
				03799BF424C0F6BA00B3AD3E /* DetailsVC.swift in Sources */,
				039BB50E24BE2C9C0071D713 /* buttonStruct.swift in Sources */,
				030B14DC24BBB43D0046E3E9 /* AppDelegate.swift in Sources */,
				030B14DE24BBB43D0046E3E9 /* SceneDelegate.swift in Sources */,
				03799BF224C0F41600B3AD3E /* listTableView.swift in Sources */,
				03799BF024C0F2B600B3AD3E /* HomeViewController.swift in Sources */,
			);
			runOnlyForDeploymentPostprocessing = 0;
		};
/* End PBXSourcesBuildPhase section */

/* Begin PBXVariantGroup section */
		030B14E124BBB43D0046E3E9 /* Main.storyboard */ = {
			isa = PBXVariantGroup;
			children = (
				030B14E224BBB43D0046E3E9 /* Base */,
			);
			name = Main.storyboard;
			sourceTree = "<group>";
		};
		030B14E624BBB43E0046E3E9 /* LaunchScreen.storyboard */ = {
			isa = PBXVariantGroup;
			children = (
				030B14E724BBB43E0046E3E9 /* Base */,
			);
			name = LaunchScreen.storyboard;
			sourceTree = "<group>";
		};
/* End PBXVariantGroup section */

/* Begin XCBuildConfiguration section */
		030B14EA24BBB43E0046E3E9 /* Debug */ = {
			isa = XCBuildConfiguration;
			buildSettings = {
				ALWAYS_SEARCH_USER_PATHS = NO;
				CLANG_ANALYZER_NONNULL = YES;
				CLANG_ANALYZER_NUMBER_OBJECT_CONVERSION = YES_AGGRESSIVE;
				CLANG_CXX_LANGUAGE_STANDARD = "gnu++14";
				CLANG_CXX_LIBRARY = "libc++";
				CLANG_ENABLE_MODULES = YES;
				CLANG_ENABLE_OBJC_ARC = YES;
				CLANG_ENABLE_OBJC_WEAK = YES;
				CLANG_WARN_BLOCK_CAPTURE_AUTORELEASING = YES;
				CLANG_WARN_BOOL_CONVERSION = YES;
				CLANG_WARN_COMMA = YES;
				CLANG_WARN_CONSTANT_CONVERSION = YES;
				CLANG_WARN_DEPRECATED_OBJC_IMPLEMENTATIONS = YES;
				CLANG_WARN_DIRECT_OBJC_ISA_USAGE = YES_ERROR;
				CLANG_WARN_DOCUMENTATION_COMMENTS = YES;
				CLANG_WARN_EMPTY_BODY = YES;
				CLANG_WARN_ENUM_CONVERSION = YES;
				CLANG_WARN_INFINITE_RECURSION = YES;
				CLANG_WARN_INT_CONVERSION = YES;
				CLANG_WARN_NON_LITERAL_NULL_CONVERSION = YES;
				CLANG_WARN_OBJC_IMPLICIT_RETAIN_SELF = YES;
				CLANG_WARN_OBJC_LITERAL_CONVERSION = YES;
				CLANG_WARN_OBJC_ROOT_CLASS = YES_ERROR;
				CLANG_WARN_RANGE_LOOP_ANALYSIS = YES;
				CLANG_WARN_STRICT_PROTOTYPES = YES;
				CLANG_WARN_SUSPICIOUS_MOVE = YES;
				CLANG_WARN_UNGUARDED_AVAILABILITY = YES_AGGRESSIVE;
				CLANG_WARN_UNREACHABLE_CODE = YES;
				CLANG_WARN__DUPLICATE_METHOD_MATCH = YES;
				COPY_PHASE_STRIP = NO;
				DEBUG_INFORMATION_FORMAT = dwarf;
				ENABLE_STRICT_OBJC_MSGSEND = YES;
				ENABLE_TESTABILITY = YES;
				GCC_C_LANGUAGE_STANDARD = gnu11;
				GCC_DYNAMIC_NO_PIC = NO;
				GCC_NO_COMMON_BLOCKS = YES;
				GCC_OPTIMIZATION_LEVEL = 0;
				GCC_PREPROCESSOR_DEFINITIONS = (
					"DEBUG=1",
					"$(inherited)",
				);
				GCC_WARN_64_TO_32_BIT_CONVERSION = YES;
				GCC_WARN_ABOUT_RETURN_TYPE = YES_ERROR;
				GCC_WARN_UNDECLARED_SELECTOR = YES;
				GCC_WARN_UNINITIALIZED_AUTOS = YES_AGGRESSIVE;
				GCC_WARN_UNUSED_FUNCTION = YES;
				GCC_WARN_UNUSED_VARIABLE = YES;
				IPHONEOS_DEPLOYMENT_TARGET = 13.5;
				MTL_ENABLE_DEBUG_INFO = INCLUDE_SOURCE;
				MTL_FAST_MATH = YES;
				ONLY_ACTIVE_ARCH = YES;
				SDKROOT = iphoneos;
				SWIFT_ACTIVE_COMPILATION_CONDITIONS = DEBUG;
				SWIFT_OPTIMIZATION_LEVEL = "-Onone";
			};
			name = Debug;
		};
		030B14EB24BBB43E0046E3E9 /* Release */ = {
			isa = XCBuildConfiguration;
			buildSettings = {
				ALWAYS_SEARCH_USER_PATHS = NO;
				CLANG_ANALYZER_NONNULL = YES;
				CLANG_ANALYZER_NUMBER_OBJECT_CONVERSION = YES_AGGRESSIVE;
				CLANG_CXX_LANGUAGE_STANDARD = "gnu++14";
				CLANG_CXX_LIBRARY = "libc++";
				CLANG_ENABLE_MODULES = YES;
				CLANG_ENABLE_OBJC_ARC = YES;
				CLANG_ENABLE_OBJC_WEAK = YES;
				CLANG_WARN_BLOCK_CAPTURE_AUTORELEASING = YES;
				CLANG_WARN_BOOL_CONVERSION = YES;
				CLANG_WARN_COMMA = YES;
				CLANG_WARN_CONSTANT_CONVERSION = YES;
				CLANG_WARN_DEPRECATED_OBJC_IMPLEMENTATIONS = YES;
				CLANG_WARN_DIRECT_OBJC_ISA_USAGE = YES_ERROR;
				CLANG_WARN_DOCUMENTATION_COMMENTS = YES;
				CLANG_WARN_EMPTY_BODY = YES;
				CLANG_WARN_ENUM_CONVERSION = YES;
				CLANG_WARN_INFINITE_RECURSION = YES;
				CLANG_WARN_INT_CONVERSION = YES;
				CLANG_WARN_NON_LITERAL_NULL_CONVERSION = YES;
				CLANG_WARN_OBJC_IMPLICIT_RETAIN_SELF = YES;
				CLANG_WARN_OBJC_LITERAL_CONVERSION = YES;
				CLANG_WARN_OBJC_ROOT_CLASS = YES_ERROR;
				CLANG_WARN_RANGE_LOOP_ANALYSIS = YES;
				CLANG_WARN_STRICT_PROTOTYPES = YES;
				CLANG_WARN_SUSPICIOUS_MOVE = YES;
				CLANG_WARN_UNGUARDED_AVAILABILITY = YES_AGGRESSIVE;
				CLANG_WARN_UNREACHABLE_CODE = YES;
				CLANG_WARN__DUPLICATE_METHOD_MATCH = YES;
				COPY_PHASE_STRIP = NO;
				DEBUG_INFORMATION_FORMAT = "dwarf-with-dsym";
				ENABLE_NS_ASSERTIONS = NO;
				ENABLE_STRICT_OBJC_MSGSEND = YES;
				GCC_C_LANGUAGE_STANDARD = gnu11;
				GCC_NO_COMMON_BLOCKS = YES;
				GCC_WARN_64_TO_32_BIT_CONVERSION = YES;
				GCC_WARN_ABOUT_RETURN_TYPE = YES_ERROR;
				GCC_WARN_UNDECLARED_SELECTOR = YES;
				GCC_WARN_UNINITIALIZED_AUTOS = YES_AGGRESSIVE;
				GCC_WARN_UNUSED_FUNCTION = YES;
				GCC_WARN_UNUSED_VARIABLE = YES;
				IPHONEOS_DEPLOYMENT_TARGET = 13.5;
				MTL_ENABLE_DEBUG_INFO = NO;
				MTL_FAST_MATH = YES;
				SDKROOT = iphoneos;
				SWIFT_COMPILATION_MODE = wholemodule;
				SWIFT_OPTIMIZATION_LEVEL = "-O";
				VALIDATE_PRODUCT = YES;
			};
			name = Release;
		};
		030B14ED24BBB43E0046E3E9 /* Debug */ = {
			isa = XCBuildConfiguration;
			buildSettings = {
				ASSETCATALOG_COMPILER_APPICON_NAME = AppIcon;
				CODE_SIGN_STYLE = Automatic;
				INFOPLIST_FILE = "Accessisble Kuwait/Info.plist";
				LD_RUNPATH_SEARCH_PATHS = (
					"$(inherited)",
					"@executable_path/Frameworks",
				);
				PRODUCT_BUNDLE_IDENTIFIER = "com.janna.Accessisble-Kuwait";
				PRODUCT_NAME = "$(TARGET_NAME)";
				SWIFT_VERSION = 5.0;
				TARGETED_DEVICE_FAMILY = "1,2";
			};
			name = Debug;
		};
		030B14EE24BBB43E0046E3E9 /* Release */ = {
			isa = XCBuildConfiguration;
			buildSettings = {
				ASSETCATALOG_COMPILER_APPICON_NAME = AppIcon;
				CODE_SIGN_STYLE = Automatic;
				INFOPLIST_FILE = "Accessisble Kuwait/Info.plist";
				LD_RUNPATH_SEARCH_PATHS = (
					"$(inherited)",
					"@executable_path/Frameworks",
				);
				PRODUCT_BUNDLE_IDENTIFIER = "com.janna.Accessisble-Kuwait";
				PRODUCT_NAME = "$(TARGET_NAME)";
				SWIFT_VERSION = 5.0;
				TARGETED_DEVICE_FAMILY = "1,2";
			};
			name = Release;
		};
/* End XCBuildConfiguration section */

/* Begin XCConfigurationList section */
		030B14D324BBB43D0046E3E9 /* Build configuration list for PBXProject "Accessisble Kuwait" */ = {
			isa = XCConfigurationList;
			buildConfigurations = (
				030B14EA24BBB43E0046E3E9 /* Debug */,
				030B14EB24BBB43E0046E3E9 /* Release */,
			);
			defaultConfigurationIsVisible = 0;
			defaultConfigurationName = Release;
		};
		030B14EC24BBB43E0046E3E9 /* Build configuration list for PBXNativeTarget "Accessisble Kuwait" */ = {
			isa = XCConfigurationList;
			buildConfigurations = (
				030B14ED24BBB43E0046E3E9 /* Debug */,
				030B14EE24BBB43E0046E3E9 /* Release */,
			);
			defaultConfigurationIsVisible = 0;
			defaultConfigurationName = Release;
		};
/* End XCConfigurationList section */
	};
	rootObject = 030B14D024BBB43D0046E3E9 /* Project object */;
}
